// !$*UTF8*$!
{
	archiveVersion = 1;
	classes = {
	};
	objectVersion = 46;
	objects = {

/* Begin PBXBuildFile section */
		6B3B32AF1CB82D8200156607 /* Podfile in Resources */ = {isa = PBXBuildFile; fileRef = 6B3B32AE1CB82D8200156607 /* Podfile */; };
		6B56347F1CC5B07100E396CB /* SwiftyJSON.framework in Frameworks */ = {isa = PBXBuildFile; fileRef = 6B56347E1CC5B07100E396CB /* SwiftyJSON.framework */; };
		6B689ACB1CB769190016B950 /* CoreLocation.framework in Frameworks */ = {isa = PBXBuildFile; fileRef = 6B689ACA1CB769190016B950 /* CoreLocation.framework */; };
		6B7BDAD61CB748FD0083F6FC /* AppDelegate.swift in Sources */ = {isa = PBXBuildFile; fileRef = 6B7BDAD51CB748FD0083F6FC /* AppDelegate.swift */; };
		6B7BDAD81CB748FD0083F6FC /* ViewController.swift in Sources */ = {isa = PBXBuildFile; fileRef = 6B7BDAD71CB748FD0083F6FC /* ViewController.swift */; };
		6B7BDADB1CB748FD0083F6FC /* Main.storyboard in Resources */ = {isa = PBXBuildFile; fileRef = 6B7BDAD91CB748FD0083F6FC /* Main.storyboard */; };
		6B7BDADD1CB748FD0083F6FC /* Assets.xcassets in Resources */ = {isa = PBXBuildFile; fileRef = 6B7BDADC1CB748FD0083F6FC /* Assets.xcassets */; };
		6B7BDAE01CB748FD0083F6FC /* LaunchScreen.storyboard in Resources */ = {isa = PBXBuildFile; fileRef = 6B7BDADE1CB748FD0083F6FC /* LaunchScreen.storyboard */; };
		C8A4EBFEAD7DB5DA6CA8852C /* Pods.framework in Frameworks */ = {isa = PBXBuildFile; fileRef = F5B3E29B79FCF08E881F6B7D /* Pods.framework */; };
/* End PBXBuildFile section */

/* Begin PBXFileReference section */
		4259B8E5A71EA14F02E029AC /* Pods.release.xcconfig */ = {isa = PBXFileReference; includeInIndex = 1; lastKnownFileType = text.xcconfig; name = Pods.release.xcconfig; path = "Pods/Target Support Files/Pods/Pods.release.xcconfig"; sourceTree = "<group>"; };
		6B3B32AE1CB82D8200156607 /* Podfile */ = {isa = PBXFileReference; fileEncoding = 4; lastKnownFileType = text; path = Podfile; sourceTree = SOURCE_ROOT; };
		6B56347E1CC5B07100E396CB /* SwiftyJSON.framework */ = {isa = PBXFileReference; lastKnownFileType = wrapper.framework; name = SwiftyJSON.framework; path = "../../../../Library/Developer/Xcode/DerivedData/Rebu-gdpqrnvbyzhnmkfsykkhegwabrwk/Build/Products/Debug-iphonesimulator/SwiftyJSON.framework"; sourceTree = "<group>"; };
		6B689ACA1CB769190016B950 /* CoreLocation.framework */ = {isa = PBXFileReference; lastKnownFileType = wrapper.framework; name = CoreLocation.framework; path = System/Library/Frameworks/CoreLocation.framework; sourceTree = SDKROOT; };
		6B7BDAD21CB748FD0083F6FC /* Rebu.app */ = {isa = PBXFileReference; explicitFileType = wrapper.application; includeInIndex = 0; path = Rebu.app; sourceTree = BUILT_PRODUCTS_DIR; };
		6B7BDAD51CB748FD0083F6FC /* AppDelegate.swift */ = {isa = PBXFileReference; lastKnownFileType = sourcecode.swift; path = AppDelegate.swift; sourceTree = "<group>"; };
		6B7BDAD71CB748FD0083F6FC /* ViewController.swift */ = {isa = PBXFileReference; lastKnownFileType = sourcecode.swift; path = ViewController.swift; sourceTree = "<group>"; };
		6B7BDADA1CB748FD0083F6FC /* Base */ = {isa = PBXFileReference; lastKnownFileType = file.storyboard; name = Base; path = Base.lproj/Main.storyboard; sourceTree = "<group>"; };
		6B7BDADC1CB748FD0083F6FC /* Assets.xcassets */ = {isa = PBXFileReference; lastKnownFileType = folder.assetcatalog; path = Assets.xcassets; sourceTree = "<group>"; };
		6B7BDADF1CB748FD0083F6FC /* Base */ = {isa = PBXFileReference; lastKnownFileType = file.storyboard; name = Base; path = Base.lproj/LaunchScreen.storyboard; sourceTree = "<group>"; };
		6B7BDAE11CB748FD0083F6FC /* Info.plist */ = {isa = PBXFileReference; lastKnownFileType = text.plist.xml; path = Info.plist; sourceTree = "<group>"; };
		EF8C28FAA8DDFF5C44D95907 /* Pods.debug.xcconfig */ = {isa = PBXFileReference; includeInIndex = 1; lastKnownFileType = text.xcconfig; name = Pods.debug.xcconfig; path = "Pods/Target Support Files/Pods/Pods.debug.xcconfig"; sourceTree = "<group>"; };
		F5B3E29B79FCF08E881F6B7D /* Pods.framework */ = {isa = PBXFileReference; explicitFileType = wrapper.framework; includeInIndex = 0; path = Pods.framework; sourceTree = BUILT_PRODUCTS_DIR; };
/* End PBXFileReference section */

/* Begin PBXFrameworksBuildPhase section */
		6B7BDACF1CB748FD0083F6FC /* Frameworks */ = {
			isa = PBXFrameworksBuildPhase;
			buildActionMask = 2147483647;
			files = (
				6B56347F1CC5B07100E396CB /* SwiftyJSON.framework in Frameworks */,
				6B689ACB1CB769190016B950 /* CoreLocation.framework in Frameworks */,
				C8A4EBFEAD7DB5DA6CA8852C /* Pods.framework in Frameworks */,
			);
			runOnlyForDeploymentPostprocessing = 0;
		};
/* End PBXFrameworksBuildPhase section */

/* Begin PBXGroup section */
		0A38D3854665D17A8D43CBD0 /* Pods */ = {
			isa = PBXGroup;
			children = (
				EF8C28FAA8DDFF5C44D95907 /* Pods.debug.xcconfig */,
				4259B8E5A71EA14F02E029AC /* Pods.release.xcconfig */,
			);
			name = Pods;
			sourceTree = "<group>";
		};
		6B7BDAC91CB748FD0083F6FC = {
			isa = PBXGroup;
			children = (
				6B7BDAD41CB748FD0083F6FC /* Rebu */,
				6B7BDAD31CB748FD0083F6FC /* Products */,
				0A38D3854665D17A8D43CBD0 /* Pods */,
				C4D0915ADFA8E4E2D21C640D /* Frameworks */,
			);
			sourceTree = "<group>";
		};
		6B7BDAD31CB748FD0083F6FC /* Products */ = {
			isa = PBXGroup;
			children = (
				6B7BDAD21CB748FD0083F6FC /* Rebu.app */,
			);
			name = Products;
			sourceTree = "<group>";
		};
		6B7BDAD41CB748FD0083F6FC /* Rebu */ = {
			isa = PBXGroup;
			children = (
				6B7BDAD51CB748FD0083F6FC /* AppDelegate.swift */,
				6B7BDAD71CB748FD0083F6FC /* ViewController.swift */,
				6B7BDAD91CB748FD0083F6FC /* Main.storyboard */,
				6B7BDADC1CB748FD0083F6FC /* Assets.xcassets */,
				6B7BDADE1CB748FD0083F6FC /* LaunchScreen.storyboard */,
				6B7BDAE11CB748FD0083F6FC /* Info.plist */,
				6B3B32AE1CB82D8200156607 /* Podfile */,
			);
			path = Rebu;
			sourceTree = "<group>";
		};
		C4D0915ADFA8E4E2D21C640D /* Frameworks */ = {
			isa = PBXGroup;
			children = (
				6B56347E1CC5B07100E396CB /* SwiftyJSON.framework */,
				6B689ACA1CB769190016B950 /* CoreLocation.framework */,
				F5B3E29B79FCF08E881F6B7D /* Pods.framework */,
			);
			name = Frameworks;
			sourceTree = "<group>";
		};
/* End PBXGroup section */

/* Begin PBXNativeTarget section */
		6B7BDAD11CB748FD0083F6FC /* Rebu */ = {
			isa = PBXNativeTarget;
			buildConfigurationList = 6B7BDAE41CB748FD0083F6FC /* Build configuration list for PBXNativeTarget "Rebu" */;
			buildPhases = (
				B3E60B67C168F113ACA246CB /* Check Pods Manifest.lock */,
				6B7BDACE1CB748FD0083F6FC /* Sources */,
				6B7BDACF1CB748FD0083F6FC /* Frameworks */,
				6B7BDAD01CB748FD0083F6FC /* Resources */,
				8ED3BF85829A675066BD4469 /* Embed Pods Frameworks */,
				BE9878C944A139BCCAB99A32 /* Copy Pods Resources */,
			);
			buildRules = (
			);
			dependencies = (
			);
			name = Rebu;
			productName = Rebu;
			productReference = 6B7BDAD21CB748FD0083F6FC /* Rebu.app */;
			productType = "com.apple.product-type.application";
		};
/* End PBXNativeTarget section */

/* Begin PBXProject section */
		6B7BDACA1CB748FD0083F6FC /* Project object */ = {
			isa = PBXProject;
			attributes = {
				LastSwiftUpdateCheck = 0720;
				LastUpgradeCheck = 0720;
				ORGANIZATIONNAME = "Oisin Lavery";
				TargetAttributes = {
					6B7BDAD11CB748FD0083F6FC = {
						CreatedOnToolsVersion = 7.2.1;
						DevelopmentTeam = P574E3QYL3;
					};
				};
			};
			buildConfigurationList = 6B7BDACD1CB748FD0083F6FC /* Build configuration list for PBXProject "Rebu" */;
			compatibilityVersion = "Xcode 3.2";
			developmentRegion = English;
			hasScannedForEncodings = 0;
			knownRegions = (
				en,
				Base,
			);
			mainGroup = 6B7BDAC91CB748FD0083F6FC;
			productRefGroup = 6B7BDAD31CB748FD0083F6FC /* Products */;
			projectDirPath = "";
			projectRoot = "";
			targets = (
				6B7BDAD11CB748FD0083F6FC /* Rebu */,
			);
		};
/* End PBXProject section */

/* Begin PBXResourcesBuildPhase section */
		6B7BDAD01CB748FD0083F6FC /* Resources */ = {
			isa = PBXResourcesBuildPhase;
			buildActionMask = 2147483647;
			files = (
				6B7BDAE01CB748FD0083F6FC /* LaunchScreen.storyboard in Resources */,
				6B7BDADD1CB748FD0083F6FC /* Assets.xcassets in Resources */,
				6B3B32AF1CB82D8200156607 /* Podfile in Resources */,
				6B7BDADB1CB748FD0083F6FC /* Main.storyboard in Resources */,
			);
			runOnlyForDeploymentPostprocessing = 0;
		};
/* End PBXResourcesBuildPhase section */

/* Begin PBXShellScriptBuildPhase section */
		8ED3BF85829A675066BD4469 /* Embed Pods Frameworks */ = {
			isa = PBXShellScriptBuildPhase;
			buildActionMask = 2147483647;
			files = (
			);
			inputPaths = (
			);
			name = "Embed Pods Frameworks";
			outputPaths = (
			);
			runOnlyForDeploymentPostprocessing = 0;
			shellPath = /bin/sh;
			shellScript = "\"${SRCROOT}/Pods/Target Support Files/Pods/Pods-frameworks.sh\"\n";
			showEnvVarsInLog = 0;
		};
		B3E60B67C168F113ACA246CB /* Check Pods Manifest.lock */ = {
			isa = PBXShellScriptBuildPhase;
			buildActionMask = 2147483647;
			files = (
			);
			inputPaths = (
			);
			name = "Check Pods Manifest.lock";
			outputPaths = (
			);
			runOnlyForDeploymentPostprocessing = 0;
			shellPath = /bin/sh;
			shellScript = "diff \"${PODS_ROOT}/../Podfile.lock\" \"${PODS_ROOT}/Manifest.lock\" > /dev/null\nif [[ $? != 0 ]] ; then\n    cat << EOM\nerror: The sandbox is not in sync with the Podfile.lock. Run 'pod install' or update your CocoaPods installation.\nEOM\n    exit 1\nfi\n";
			showEnvVarsInLog = 0;
		};
		BE9878C944A139BCCAB99A32 /* Copy Pods Resources */ = {
			isa = PBXShellScriptBuildPhase;
			buildActionMask = 2147483647;
			files = (
			);
			inputPaths = (
			);
			name = "Copy Pods Resources";
			outputPaths = (
			);
			runOnlyForDeploymentPostprocessing = 0;
			shellPath = /bin/sh;
			shellScript = "\"${SRCROOT}/Pods/Target Support Files/Pods/Pods-resources.sh\"\n";
			showEnvVarsInLog = 0;
		};
/* End PBXShellScriptBuildPhase section */

/* Begin PBXSourcesBuildPhase section */
		6B7BDACE1CB748FD0083F6FC /* Sources */ = {
			isa = PBXSourcesBuildPhase;
			buildActionMask = 2147483647;
			files = (
				6B7BDAD81CB748FD0083F6FC /* ViewController.swift in Sources */,
				6B7BDAD61CB748FD0083F6FC /* AppDelegate.swift in Sources */,
			);
			runOnlyForDeploymentPostprocessing = 0;
		};
/* End PBXSourcesBuildPhase section */

/* Begin PBXVariantGroup section */
		6B7BDAD91CB748FD0083F6FC /* Main.storyboard */ = {
			isa = PBXVariantGroup;
			children = (
				6B7BDADA1CB748FD0083F6FC /* Base */,
			);
			name = Main.storyboard;
			sourceTree = "<group>";
		};
		6B7BDADE1CB748FD0083F6FC /* LaunchScreen.storyboard */ = {
			isa = PBXVariantGroup;
			children = (
				6B7BDADF1CB748FD0083F6FC /* Base */,
			);
			name = LaunchScreen.storyboard;
			sourceTree = "<group>";
		};
/* End PBXVariantGroup section */

/* Begin XCBuildConfiguration section */
		6B7BDAE21CB748FD0083F6FC /* Debug */ = {
			isa = XCBuildConfiguration;
			buildSettings = {
				ALWAYS_SEARCH_USER_PATHS = NO;
				CLANG_CXX_LANGUAGE_STANDARD = "gnu++0x";
				CLANG_CXX_LIBRARY = "libc++";
				CLANG_ENABLE_MODULES = YES;
				CLANG_ENABLE_OBJC_ARC = YES;
				CLANG_WARN_BOOL_CONVERSION = YES;
				CLANG_WARN_CONSTANT_CONVERSION = YES;
				CLANG_WARN_DIRECT_OBJC_ISA_USAGE = YES_ERROR;
				CLANG_WARN_EMPTY_BODY = YES;
				CLANG_WARN_ENUM_CONVERSION = YES;
				CLANG_WARN_INT_CONVERSION = YES;
				CLANG_WARN_OBJC_ROOT_CLASS = YES_ERROR;
				CLANG_WARN_UNREACHABLE_CODE = YES;
				CLANG_WARN__DUPLICATE_METHOD_MATCH = YES;
				"CODE_SIGN_IDENTITY[sdk=iphoneos*]" = "iPhone Developer";
				COPY_PHASE_STRIP = NO;
				DEBUG_INFORMATION_FORMAT = dwarf;
				ENABLE_STRICT_OBJC_MSGSEND = YES;
				ENABLE_TESTABILITY = YES;
				GCC_C_LANGUAGE_STANDARD = gnu99;
				GCC_DYNAMIC_NO_PIC = NO;
				GCC_NO_COMMON_BLOCKS = YES;
				GCC_OPTIMIZATION_LEVEL = 0;
				GCC_PREPROCESSOR_DEFINITIONS = (
					"DEBUG=1",
					"$(inherited)",
				);
				GCC_WARN_64_TO_32_BIT_CONVERSION = YES;
				GCC_WARN_ABOUT_RETURN_TYPE = YES_ERROR;
				GCC_WARN_UNDECLARED_SELECTOR = YES;
				GCC_WARN_UNINITIALIZED_AUTOS = YES_AGGRESSIVE;
				GCC_WARN_UNUSED_FUNCTION = YES;
				GCC_WARN_UNUSED_VARIABLE = YES;
				IPHONEOS_DEPLOYMENT_TARGET = 9.2;
				MTL_ENABLE_DEBUG_INFO = YES;
				ONLY_ACTIVE_ARCH = YES;
				SDKROOT = iphoneos;
				SWIFT_OPTIMIZATION_LEVEL = "-Onone";
				TARGETED_DEVICE_FAMILY = "1,2";
			};
			name = Debug;
		};
		6B7BDAE31CB748FD0083F6FC /* Release */ = {
			isa = XCBuildConfiguration;
			buildSettings = {
				ALWAYS_SEARCH_USER_PATHS = NO;
				CLANG_CXX_LANGUAGE_STANDARD = "gnu++0x";
				CLANG_CXX_LIBRARY = "libc++";
				CLANG_ENABLE_MODULES = YES;
				CLANG_ENABLE_OBJC_ARC = YES;
				CLANG_WARN_BOOL_CONVERSION = YES;
				CLANG_WARN_CONSTANT_CONVERSION = YES;
				CLANG_WARN_DIRECT_OBJC_ISA_USAGE = YES_ERROR;
				CLANG_WARN_EMPTY_BODY = YES;
				CLANG_WARN_ENUM_CONVERSION = YES;
				CLANG_WARN_INT_CONVERSION = YES;
				CLANG_WARN_OBJC_ROOT_CLASS = YES_ERROR;
				CLANG_WARN_UNREACHABLE_CODE = YES;
				CLANG_WARN__DUPLICATE_METHOD_MATCH = YES;
				"CODE_SIGN_IDENTITY[sdk=iphoneos*]" = "iPhone Developer";
				COPY_PHASE_STRIP = NO;
				DEBUG_INFORMATION_FORMAT = "dwarf-with-dsym";
				ENABLE_NS_ASSERTIONS = NO;
				ENABLE_STRICT_OBJC_MSGSEND = YES;
				GCC_C_LANGUAGE_STANDARD = gnu99;
				GCC_NO_COMMON_BLOCKS = YES;
				GCC_WARN_64_TO_32_BIT_CONVERSION = YES;
				GCC_WARN_ABOUT_RETURN_TYPE = YES_ERROR;
				GCC_WARN_UNDECLARED_SELECTOR = YES;
				GCC_WARN_UNINITIALIZED_AUTOS = YES_AGGRESSIVE;
				GCC_WARN_UNUSED_FUNCTION = YES;
				GCC_WARN_UNUSED_VARIABLE = YES;
				IPHONEOS_DEPLOYMENT_TARGET = 9.2;
				MTL_ENABLE_DEBUG_INFO = NO;
				SDKROOT = iphoneos;
				TARGETED_DEVICE_FAMILY = "1,2";
				VALIDATE_PRODUCT = YES;
			};
			name = Release;
		};
		6B7BDAE51CB748FD0083F6FC /* Debug */ = {
			isa = XCBuildConfiguration;
			baseConfigurationReference = EF8C28FAA8DDFF5C44D95907 /* Pods.debug.xcconfig */;
			buildSettings = {
				ASSETCATALOG_COMPILER_APPICON_NAME = AppIcon;
				CODE_SIGN_IDENTITY = "iPhone Developer";
				"CODE_SIGN_IDENTITY[sdk=iphoneos*]" = "iPhone Developer";
				INFOPLIST_FILE = Rebu/Info.plist;
				IPHONEOS_DEPLOYMENT_TARGET = 9.0;
				LD_RUNPATH_SEARCH_PATHS = "$(inherited) @executable_path/Frameworks";
				PRODUCT_BUNDLE_IDENTIFIER = com.oisinlavery.Rebu;
				PRODUCT_NAME = "$(TARGET_NAME)";
				PROVISIONING_PROFILE = "";
			};
			name = Debug;
		};
		6B7BDAE61CB748FD0083F6FC /* Release */ = {
			isa = XCBuildConfiguration;
			baseConfigurationReference = 4259B8E5A71EA14F02E029AC /* Pods.release.xcconfig */;
			buildSettings = {
				ASSETCATALOG_COMPILER_APPICON_NAME = AppIcon;
				CODE_SIGN_IDENTITY = "iPhone Developer";
				"CODE_SIGN_IDENTITY[sdk=iphoneos*]" = "iPhone Developer";
				INFOPLIST_FILE = Rebu/Info.plist;
				IPHONEOS_DEPLOYMENT_TARGET = 9.0;
				LD_RUNPATH_SEARCH_PATHS = "$(inherited) @executable_path/Frameworks";
				PRODUCT_BUNDLE_IDENTIFIER = com.oisinlavery.Rebu;
				PRODUCT_NAME = "$(TARGET_NAME)";
				PROVISIONING_PROFILE = "";
			};
			name = Release;
		};
/* End XCBuildConfiguration section */

/* Begin XCConfigurationList section */
		6B7BDACD1CB748FD0083F6FC /* Build configuration list for PBXProject "Rebu" */ = {
			isa = XCConfigurationList;
			buildConfigurations = (
				6B7BDAE21CB748FD0083F6FC /* Debug */,
				6B7BDAE31CB748FD0083F6FC /* Release */,
			);
			defaultConfigurationIsVisible = 0;
			defaultConfigurationName = Release;
		};
		6B7BDAE41CB748FD0083F6FC /* Build configuration list for PBXNativeTarget "Rebu" */ = {
			isa = XCConfigurationList;
			buildConfigurations = (
				6B7BDAE51CB748FD0083F6FC /* Debug */,
				6B7BDAE61CB748FD0083F6FC /* Release */,
			);
			defaultConfigurationIsVisible = 0;
			defaultConfigurationName = Release;
		};
/* End XCConfigurationList section */
	};
	rootObject = 6B7BDACA1CB748FD0083F6FC /* Project object */;
}
